
Microsoft Visual Studio Solution File, Format Version 12.00
# Visual Studio 15
VisualStudioVersion = 15.0.27130.2010
MinimumVisualStudioVersion = 10.0.40219.1
Project("{FAE04EC0-301F-11D3-BF4B-00C04F79EFBC}") = "StockView", "StockView\StockView.csproj", "{41D8CF6B-8580-4210-A801-2F60880FA0E7}"
EndProject
Project("{FAE04EC0-301F-11D3-BF4B-00C04F79EFBC}") = "StockViewTest", "StockViewTest\StockViewTest.csproj", "{468C6F38-E3A0-44B9-BA0B-BE9D2A06A984}"
EndProject
Global
	GlobalSection(SolutionConfigurationPlatforms) = preSolution
		Debug|Any CPU = Debug|Any CPU
		Release|Any CPU = Release|Any CPU
	EndGlobalSection
	GlobalSection(ProjectConfigurationPlatforms) = postSolution
		{41D8CF6B-8580-4210-A801-2F60880FA0E7}.Debug|Any CPU.ActiveCfg = Debug|Any CPU
		{41D8CF6B-8580-4210-A801-2F60880FA0E7}.Debug|Any CPU.Build.0 = Debug|Any CPU
		{41D8CF6B-8580-4210-A801-2F60880FA0E7}.Release|Any CPU.ActiveCfg = Release|Any CPU
		{41D8CF6B-8580-4210-A801-2F60880FA0E7}.Release|Any CPU.Build.0 = Release|Any CPU
		{468C6F38-E3A0-44B9-BA0B-BE9D2A06A984}.Debug|Any CPU.ActiveCfg = Debug|Any CPU
		{468C6F38-E3A0-44B9-BA0B-BE9D2A06A984}.Debug|Any CPU.Build.0 = Debug|Any CPU
		{468C6F38-E3A0-44B9-BA0B-BE9D2A06A984}.Release|Any CPU.ActiveCfg = Release|Any CPU
		{468C6F38-E3A0-44B9-BA0B-BE9D2A06A984}.Release|Any CPU.Build.0 = Release|Any CPU
	EndGlobalSection
	GlobalSection(SolutionProperties) = preSolution
		HideSolutionNode = FALSE
	EndGlobalSection
	GlobalSection(ExtensibilityGlobals) = postSolution
		SolutionGuid = {382433FB-203D-429F-8A80-A798057D0CFA}
	EndGlobalSection
EndGlobal
